
Microsoft Visual Studio Solution File, Format Version 12.00
# Visual Studio Version 17
VisualStudioVersion = 17.14.36518.9 d17.14
MinimumVisualStudioVersion = 10.0.40219.1
Project("{FAE04EC0-301F-11D3-BF4B-00C04F79EFBC}") = "ReverseStringProject", "ReverseStringProject\ReverseStringProject.csproj", "{CC70A194-73D7-4209-8D82-8A6C36712FC3}"
EndProject
Project("{FAE04EC0-301F-11D3-BF4B-00C04F79EFBC}") = "Services", "Services\Services.csproj", "{CBB1BD87-4BDE-41B8-886B-0272B04870A5}"
EndProject
Project("{FAE04EC0-301F-11D3-BF4B-00C04F79EFBC}") = "Contracts", "Contracts\Contracts.csproj", "{95E1DF51-B551-422D-8F6B-4B32386006EB}"
EndProject
Global
	GlobalSection(SolutionConfigurationPlatforms) = preSolution
		Debug|Any CPU = Debug|Any CPU
		Release|Any CPU = Release|Any CPU
	EndGlobalSection
	GlobalSection(ProjectConfigurationPlatforms) = postSolution
		{CC70A194-73D7-4209-8D82-8A6C36712FC3}.Debug|Any CPU.ActiveCfg = Debug|Any CPU
		{CC70A194-73D7-4209-8D82-8A6C36712FC3}.Debug|Any CPU.Build.0 = Debug|Any CPU
		{CC70A194-73D7-4209-8D82-8A6C36712FC3}.Release|Any CPU.ActiveCfg = Release|Any CPU
		{CC70A194-73D7-4209-8D82-8A6C36712FC3}.Release|Any CPU.Build.0 = Release|Any CPU
		{CBB1BD87-4BDE-41B8-886B-0272B04870A5}.Debug|Any CPU.ActiveCfg = Debug|Any CPU
		{CBB1BD87-4BDE-41B8-886B-0272B04870A5}.Debug|Any CPU.Build.0 = Debug|Any CPU
		{CBB1BD87-4BDE-41B8-886B-0272B04870A5}.Release|Any CPU.ActiveCfg = Release|Any CPU
		{CBB1BD87-4BDE-41B8-886B-0272B04870A5}.Release|Any CPU.Build.0 = Release|Any CPU
		{95E1DF51-B551-422D-8F6B-4B32386006EB}.Debug|Any CPU.ActiveCfg = Debug|Any CPU
		{95E1DF51-B551-422D-8F6B-4B32386006EB}.Debug|Any CPU.Build.0 = Debug|Any CPU
		{95E1DF51-B551-422D-8F6B-4B32386006EB}.Release|Any CPU.ActiveCfg = Release|Any CPU
		{95E1DF51-B551-422D-8F6B-4B32386006EB}.Release|Any CPU.Build.0 = Release|Any CPU
	EndGlobalSection
	GlobalSection(SolutionProperties) = preSolution
		HideSolutionNode = FALSE
	EndGlobalSection
	GlobalSection(ExtensibilityGlobals) = postSolution
		SolutionGuid = {47F342A5-A2ED-43D7-A879-D869CF6E288A}
	EndGlobalSection
EndGlobal
